
Microsoft Visual Studio Solution File, Format Version 12.00
# Visual Studio Version 17
VisualStudioVersion = 17.6.33815.320
MinimumVisualStudioVersion = 10.0.40219.1
Project("{FAE04EC0-301F-11D3-BF4B-00C04F79EFBC}") = "CalculatorConsoleApp", "CalculatorConsoleApp\CalculatorConsoleApp.csproj", "{B9AEE710-4391-4163-9736-B3A72FBF2EF0}"
EndProject
Global
	GlobalSection(SolutionConfigurationPlatforms) = preSolution
		Debug|Any CPU = Debug|Any CPU
		Release|Any CPU = Release|Any CPU
	EndGlobalSection
	GlobalSection(ProjectConfigurationPlatforms) = postSolution
		{B9AEE710-4391-4163-9736-B3A72FBF2EF0}.Debug|Any CPU.ActiveCfg = Debug|Any CPU
		{B9AEE710-4391-4163-9736-B3A72FBF2EF0}.Debug|Any CPU.Build.0 = Debug|Any CPU
		{B9AEE710-4391-4163-9736-B3A72FBF2EF0}.Release|Any CPU.ActiveCfg = Release|Any CPU
		{B9AEE710-4391-4163-9736-B3A72FBF2EF0}.Release|Any CPU.Build.0 = Release|Any CPU
	EndGlobalSection
	GlobalSection(SolutionProperties) = preSolution
		HideSolutionNode = FALSE
	EndGlobalSection
	GlobalSection(ExtensibilityGlobals) = postSolution
		SolutionGuid = {2CFBD2EB-77C4-45E4-9F95-D32A7231E00C}
	EndGlobalSection
EndGlobal
